{
    "_readme": [
        "This file locks the dependencies of your project to a known state",
        "Read more about it at http://getcomposer.org/doc/01-basic-usage.md#composer-lock-the-lock-file",
        "This file is @generated automatically"
    ],
    "hash": "0a4e1a6fe7b47b5659f5ebe278ab2f42",
    "packages": [
        {
            "name": "cssjanus/cssjanus",
            "version": "v1.1.1",
            "source": {
                "type": "git",
                "url": "https://github.com/cssjanus/php-cssjanus.git",
                "reference": "62a9c32e6e140de09082b40a6e99d868ad14d4e0"
            },
            "dist": {
                "type": "zip",
                "url": "https://api.github.com/repos/cssjanus/php-cssjanus/zipball/62a9c32e6e140de09082b40a6e99d868ad14d4e0",
                "reference": "62a9c32e6e140de09082b40a6e99d868ad14d4e0",
                "shasum": ""
            },
            "require": {
                "php": ">=5.3.3"
            },
            "require-dev": {
                "jakub-onderka/php-parallel-lint": "0.8.*",
                "phpunit/phpunit": "3.7.*",
                "squizlabs/php_codesniffer": "1.*"
            },
            "type": "library",
            "autoload": {
                "psr-0": {
                    "": "src/"
                }
            },
            "notification-url": "https://packagist.org/downloads/",
            "license": [
                "Apache-2.0"
            ],
            "description": "Convert CSS stylesheets between left-to-right and right-to-left.",
            "time": "2014-11-14 20:00:50"
        },
        {
            "name": "leafo/lessphp",
            "version": "v0.5.0",
            "source": {
                "type": "git",
                "url": "https://github.com/leafo/lessphp.git",
                "reference": "0f5a7f5545d2bcf4e9fad9a228c8ad89cc9aa283"
            },
            "dist": {
                "type": "zip",
                "url": "https://api.github.com/repos/leafo/lessphp/zipball/0f5a7f5545d2bcf4e9fad9a228c8ad89cc9aa283",
                "reference": "0f5a7f5545d2bcf4e9fad9a228c8ad89cc9aa283",
                "shasum": ""
            },
            "type": "library",
            "extra": {
                "branch-alias": {
                    "dev-master": "0.4.x-dev"
                }
            },
            "autoload": {
                "classmap": [
                    "lessc.inc.php"
                ]
            },
            "notification-url": "https://packagist.org/downloads/",
            "license": [
                "MIT",
                "GPL-3.0"
            ],
            "authors": [
                {
                    "name": "Leaf Corcoran",
                    "email": "leafot@gmail.com",
                    "homepage": "http://leafo.net"
                }
            ],
            "description": "lessphp is a compiler for LESS written in PHP.",
            "homepage": "http://leafo.net/lessphp/",
            "time": "2014-11-24 18:39:20"
        },
        {
            "name": "liuggio/statsd-php-client",
            "version": "v1.0.12",
            "source": {
                "type": "git",
                "url": "https://github.com/liuggio/statsd-php-client.git",
                "reference": "a8c9ccd2a3af6cc49c7fc4f5f689d7b148ab19d7"
            },
            "dist": {
                "type": "zip",
                "url": "https://api.github.com/repos/liuggio/statsd-php-client/zipball/a8c9ccd2a3af6cc49c7fc4f5f689d7b148ab19d7",
                "reference": "a8c9ccd2a3af6cc49c7fc4f5f689d7b148ab19d7",
                "shasum": ""
            },
            "require": {
                "php": ">=5.2"
            },
            "require-dev": {
                "monolog/monolog": ">=1.2.0"
            },
            "suggest": {
                "monolog/monolog": "Monolog, in order to do generate statistic from log >=1.2.0)"
            },
            "type": "library",
            "autoload": {
                "psr-0": {
                    "Liuggio": "src/"
                }
            },
            "notification-url": "https://packagist.org/downloads/",
            "license": [
                "MIT"
            ],
            "authors": [
                {
                    "name": "Giulio De Donato",
                    "email": "liuggio@gmail.com"
                }
            ],
            "description": "Statsd (Object Oriented) client library for PHP",
            "homepage": "https://github.com/liuggio/statsd-php-client/",
            "keywords": [
                "etsy",
                "monitoring",
                "php",
                "statsd"
            ],
            "time": "2014-09-17 21:37:49"
        },
        {
            "name": "oojs/oojs-ui",
            "version": "v0.11.3",
            "source": {
                "type": "git",
                "url": "https://github.com/wikimedia/oojs-ui.git",
                "reference": "a03de5681e28e4fad1e27f8cccab32a2c5b484e5"
            },
            "dist": {
                "type": "zip",
                "url": "https://api.github.com/repos/wikimedia/oojs-ui/zipball/a03de5681e28e4fad1e27f8cccab32a2c5b484e5",
                "reference": "a03de5681e28e4fad1e27f8cccab32a2c5b484e5",
                "shasum": ""
            },
            "require": {
                "php": ">=5.3.3"
            },
            "require-dev": {
                "jakub-onderka/php-parallel-lint": "0.8.*",
                "mediawiki/mediawiki-codesniffer": "0.1.0",
                "squizlabs/php_codesniffer": "2.1.*"
            },
            "type": "library",
            "autoload": {
                "classmap": [
                    "php/"
                ]
            },
            "notification-url": "https://packagist.org/downloads/",
            "license": [
                "MIT"
            ],
            "description": "Provides library of common widgets, layouts, and windows.",
            "homepage": "https://www.mediawiki.org/wiki/OOjs_UI",
            "time": "2015-05-12 11:58:55"
        },
        {
            "name": "psr/log",
            "version": "1.0.0",
            "source": {
                "type": "git",
                "url": "https://github.com/php-fig/log.git",
                "reference": "fe0936ee26643249e916849d48e3a51d5f5e278b"
            },
            "dist": {
                "type": "zip",
                "url": "https://api.github.com/repos/php-fig/log/zipball/fe0936ee26643249e916849d48e3a51d5f5e278b",
                "reference": "fe0936ee26643249e916849d48e3a51d5f5e278b",
                "shasum": ""
            },
            "type": "library",
            "autoload": {
                "psr-0": {
                    "Psr\\Log\\": ""
                }
            },
            "notification-url": "https://packagist.org/downloads/",
            "license": [
                "MIT"
            ],
            "authors": [
                {
                    "name": "PHP-FIG",
                    "homepage": "http://www.php-fig.org/"
                }
            ],
            "description": "Common interface for logging libraries",
            "keywords": [
                "log",
                "psr",
                "psr-3"
            ],
            "time": "2012-12-21 11:40:51"
        },
        {
            "name": "wikimedia/cdb",
            "version": "1.0.1",
            "source": {
                "type": "git",
                "url": "https://github.com/wikimedia/cdb.git",
                "reference": "3b7d5366c88eccf2517ebac57c59eb557c82f46c"
            },
            "dist": {
                "type": "zip",
                "url": "https://api.github.com/repos/wikimedia/cdb/zipball/3b7d5366c88eccf2517ebac57c59eb557c82f46c",
                "reference": "3b7d5366c88eccf2517ebac57c59eb557c82f46c",
                "shasum": ""
            },
            "require": {
                "php": ">=5.3.2"
            },
            "require-dev": {
                "phpunit/phpunit": "*"
            },
            "type": "library",
            "autoload": {
                "classmap": [
                    "src/"
                ]
            },
            "notification-url": "https://packagist.org/downloads/",
            "license": [
                "GPL-2.0"
            ],
            "authors": [
                {
                    "name": "Tim Starling",
                    "email": "tstarling@wikimedia.org"
                },
                {
                    "name": "Chad Horohoe",
                    "email": "chad@wikimedia.org"
                }
            ],
            "description": "Constant Database (CDB) wrapper library for PHP. Provides pure-PHP fallback when dba_* functions are absent.",
            "homepage": "https://www.mediawiki.org/wiki/CDB",
            "time": "2014-12-08 19:26:44"
        },
        {
            "name": "wikimedia/composer-merge-plugin",
            "version": "v1.0.0",
            "source": {
                "type": "git",
                "url": "https://github.com/wikimedia/composer-merge-plugin.git",
                "reference": "ed426b785f9f786b33be4fd78584e43f4e962356"
            },
            "dist": {
                "type": "zip",
                "url": "https://api.github.com/repos/wikimedia/composer-merge-plugin/zipball/ed426b785f9f786b33be4fd78584e43f4e962356",
                "reference": "ed426b785f9f786b33be4fd78584e43f4e962356",
                "shasum": ""
            },
            "require": {
                "composer-plugin-api": "1.0.0",
                "php": ">=5.3.2"
            },
            "require-dev": {
                "composer/composer": "1.0.*@dev",
                "jakub-onderka/php-parallel-lint": "~0.8",
                "phpspec/prophecy-phpunit": "~1.0",
                "phpunit/phpunit": "~4.0",
                "squizlabs/php_codesniffer": "~2.1.0"
            },
            "type": "composer-plugin",
            "extra": {
                "class": "Wikimedia\\Composer\\MergePlugin"
            },
            "autoload": {
                "psr-4": {
                    "Wikimedia\\Composer\\": "src/"
                }
            },
            "notification-url": "https://packagist.org/downloads/",
            "license": [
                "MIT"
            ],
            "description": "Composer plugin to merge multiple composer.json files",
            "time": "2015-02-21 00:57:13"
        },
        {
            "name": "wikimedia/utfnormal",
            "version": "v1.0.2",
            "source": {
                "type": "git",
                "url": "https://github.com/wikimedia/utfnormal.git",
                "reference": "bb892a53a76116ad0982445a849043687cb6e778"
            },
            "dist": {
                "type": "zip",
                "url": "https://api.github.com/repos/wikimedia/utfnormal/zipball/bb892a53a76116ad0982445a849043687cb6e778",
                "reference": "bb892a53a76116ad0982445a849043687cb6e778",
                "shasum": ""
            },
            "require": {
                "php": ">=5.3.3"
            },
            "require-dev": {
                "ext-mbstring": "*",
                "jakub-onderka/php-parallel-lint": "0.8.*",
                "mediawiki/mediawiki-codesniffer": "0.1.0",
                "phpunit/phpunit": "4.4.*",
                "squizlabs/php_codesniffer": "2.1.*"
            },
            "type": "library",
            "autoload": {
                "classmap": [
                    "src/"
                ]
            },
            "notification-url": "https://packagist.org/downloads/",
            "license": [
                "GPL-2.0+"
            ],
            "authors": [
                {
                    "name": "Brion Vibber",
                    "email": "bvibber@wikimedia.org"
                }
            ],
            "homepage": "https://www.mediawiki.org/wiki/utfnormal",
            "time": "2015-03-12 01:54:47"
        },
        {
            "name": "zordius/lightncandy",
            "version": "v0.18",
            "source": {
                "type": "git",
                "url": "https://github.com/zordius/lightncandy.git",
                "reference": "24be6909c37391f4648ce1fdf19036b11bd56d05"
            },
            "dist": {
                "type": "zip",
                "url": "https://api.github.com/repos/zordius/lightncandy/zipball/24be6909c37391f4648ce1fdf19036b11bd56d05",
                "reference": "24be6909c37391f4648ce1fdf19036b11bd56d05",
                "shasum": ""
            },
            "require": {
                "php": ">=5.3.0"
            },
            "require-dev": {
                "phpunit/phpunit": "4.0.17"
            },
            "type": "library",
            "autoload": {
                "classmap": [
                    "src/lightncandy.php"
                ]
            },
            "notification-url": "https://packagist.org/downloads/",
            "license": [
                "MIT"
            ],
            "authors": [
                {
                    "name": "Zordius Chen",
                    "email": "zordius@yahoo-inc.com"
                }
            ],
            "description": "An extremely fast PHP implementation of handlebars ( http://handlebarsjs.com/ ) and mustache ( http://mustache.github.io/ ).",
            "homepage": "https://github.com/zordius/lightncandy",
            "keywords": [
                "handlebars",
                "logicless",
                "mustache",
                "php",
                "template"
            ],
            "time": "2015-01-01 04:37:19"
        }
    ],
    "packages-dev": null,
    "aliases": [],
    "minimum-stability": "stable",
    "stability-flags": [],
    "prefer-stable": false,
    "prefer-lowest": false,
    "platform": {
        "ext-iconv": "*",
        "php": ">=5.3.3"
    },
    "platform-dev": []
}
